github.com/MajotraderLucky/Utils v0.0.0-20230825021439-1d31827d98dd h1:U5+fhXtTABqGgd9XTK4ogdviXBm4HeCakDCoAJnDuC0=
github.com/MajotraderLucky/Utils v0.0.0-20230825021439-1d31827d98dd/go.mod h1:JGfgTvWuN34FDH9ax09WEJmHxpB4hua3UHcywEQHgO0=
github.com/joho/godotenv v1.5.1 h1:7eLL/+HRGLY0ldzfGMeQkb7vMd0as4CfYvUVzLqw0N0=
github.com/joho/godotenv v1.5.1/go.mod h1:f4LDr5Voq0i2e/R5DDNOoa2zzDfwtkZa6DnEwAbqwq4=
